
Microsoft Visual Studio Solution File, Format Version 12.00
# Visual Studio Version 17
VisualStudioVersion = 17.3.32811.315
MinimumVisualStudioVersion = 10.0.40219.1
Project("{8BC9CEB8-8B4A-11D0-8D11-00A0C91BC942}") = "polynomial", "polynomial\polynomial.vcxproj", "{595C3870-46A7-4D6F-9973-755ED89DF383}"
EndProject
Global
	GlobalSection(SolutionConfigurationPlatforms) = preSolution
		Debug|x64 = Debug|x64
		Debug|x86 = Debug|x86
		Release|x64 = Release|x64
		Release|x86 = Release|x86
	EndGlobalSection
	GlobalSection(ProjectConfigurationPlatforms) = postSolution
		{595C3870-46A7-4D6F-9973-755ED89DF383}.Debug|x64.ActiveCfg = Debug|x64
		{595C3870-46A7-4D6F-9973-755ED89DF383}.Debug|x64.Build.0 = Debug|x64
		{595C3870-46A7-4D6F-9973-755ED89DF383}.Debug|x86.ActiveCfg = Debug|Win32
		{595C3870-46A7-4D6F-9973-755ED89DF383}.Debug|x86.Build.0 = Debug|Win32
		{595C3870-46A7-4D6F-9973-755ED89DF383}.Release|x64.ActiveCfg = Release|x64
		{595C3870-46A7-4D6F-9973-755ED89DF383}.Release|x64.Build.0 = Release|x64
		{595C3870-46A7-4D6F-9973-755ED89DF383}.Release|x86.ActiveCfg = Release|Win32
		{595C3870-46A7-4D6F-9973-755ED89DF383}.Release|x86.Build.0 = Release|Win32
	EndGlobalSection
	GlobalSection(SolutionProperties) = preSolution
		HideSolutionNode = FALSE
	EndGlobalSection
	GlobalSection(ExtensibilityGlobals) = postSolution
		SolutionGuid = {A73DDCF3-24E3-4BEF-9F60-04FE91C0E8FA}
	EndGlobalSection
EndGlobal
